
Microsoft Visual Studio Solution File, Format Version 12.00
# Visual Studio Version 17
VisualStudioVersion = 17.10.35122.118
MinimumVisualStudioVersion = 10.0.40219.1
Project("{FAE04EC0-301F-11D3-BF4B-00C04F79EFBC}") = "GymProdactsModels", "GymProdactsModels\GymProdactsModels.csproj", "{2FC41CA2-FC0E-48E1-87AF-04594913FB5A}"
EndProject
Global
	GlobalSection(SolutionConfigurationPlatforms) = preSolution
		Debug|Any CPU = Debug|Any CPU
		Release|Any CPU = Release|Any CPU
	EndGlobalSection
	GlobalSection(ProjectConfigurationPlatforms) = postSolution
		{2FC41CA2-FC0E-48E1-87AF-04594913FB5A}.Debug|Any CPU.ActiveCfg = Debug|Any CPU
		{2FC41CA2-FC0E-48E1-87AF-04594913FB5A}.Debug|Any CPU.Build.0 = Debug|Any CPU
		{2FC41CA2-FC0E-48E1-87AF-04594913FB5A}.Release|Any CPU.ActiveCfg = Release|Any CPU
		{2FC41CA2-FC0E-48E1-87AF-04594913FB5A}.Release|Any CPU.Build.0 = Release|Any CPU
	EndGlobalSection
	GlobalSection(SolutionProperties) = preSolution
		HideSolutionNode = FALSE
	EndGlobalSection
	GlobalSection(ExtensibilityGlobals) = postSolution
		SolutionGuid = {1382521F-90CF-4AD7-9387-21EFA1BF888E}
	EndGlobalSection
EndGlobal
